
Microsoft Visual Studio Solution File, Format Version 12.00
# Visual Studio Version 16
VisualStudioVersion = 16.0.31911.196
MinimumVisualStudioVersion = 10.0.40219.1
Project("{FAE04EC0-301F-11D3-BF4B-00C04F79EFBC}") = "ContactManager", "ContactManager\ContactManager.csproj", "{35A2B07C-C230-4A9E-9264-F26DFAF46E65}"
EndProject
Global
	GlobalSection(SolutionConfigurationPlatforms) = preSolution
		Debug|Any CPU = Debug|Any CPU
		Release|Any CPU = Release|Any CPU
	EndGlobalSection
	GlobalSection(ProjectConfigurationPlatforms) = postSolution
		{35A2B07C-C230-4A9E-9264-F26DFAF46E65}.Debug|Any CPU.ActiveCfg = Debug|Any CPU
		{35A2B07C-C230-4A9E-9264-F26DFAF46E65}.Debug|Any CPU.Build.0 = Debug|Any CPU
		{35A2B07C-C230-4A9E-9264-F26DFAF46E65}.Release|Any CPU.ActiveCfg = Release|Any CPU
		{35A2B07C-C230-4A9E-9264-F26DFAF46E65}.Release|Any CPU.Build.0 = Release|Any CPU
	EndGlobalSection
	GlobalSection(SolutionProperties) = preSolution
		HideSolutionNode = FALSE
	EndGlobalSection
	GlobalSection(ExtensibilityGlobals) = postSolution
		SolutionGuid = {12644DB7-1A24-4483-BA22-5DE80D888B78}
	EndGlobalSection
EndGlobal
